
Microsoft Visual Studio Solution File, Format Version 12.00
# Visual Studio Version 16
VisualStudioVersion = 16.0.30225.117
MinimumVisualStudioVersion = 10.0.40219.1
Project("{FAE04EC0-301F-11D3-BF4B-00C04F79EFBC}") = "TicTacToe", "TicTacToe.csproj", "{ECECD26C-0F40-4DF2-88BF-212459783766}"
EndProject
Global
	GlobalSection(SolutionConfigurationPlatforms) = preSolution
		Debug|Any CPU = Debug|Any CPU
		Release|Any CPU = Release|Any CPU
	EndGlobalSection
	GlobalSection(ProjectConfigurationPlatforms) = postSolution
		{ECECD26C-0F40-4DF2-88BF-212459783766}.Debug|Any CPU.ActiveCfg = Debug|Any CPU
		{ECECD26C-0F40-4DF2-88BF-212459783766}.Debug|Any CPU.Build.0 = Debug|Any CPU
		{ECECD26C-0F40-4DF2-88BF-212459783766}.Release|Any CPU.ActiveCfg = Release|Any CPU
		{ECECD26C-0F40-4DF2-88BF-212459783766}.Release|Any CPU.Build.0 = Release|Any CPU
	EndGlobalSection
	GlobalSection(SolutionProperties) = preSolution
		HideSolutionNode = FALSE
	EndGlobalSection
	GlobalSection(ExtensibilityGlobals) = postSolution
		SolutionGuid = {25963989-E6BD-4873-B158-8A4F0F26A56C}
	EndGlobalSection
EndGlobal
